
Microsoft Visual Studio Solution File, Format Version 12.00
# Visual Studio Version 16
VisualStudioVersion = 16.0.30406.217
MinimumVisualStudioVersion = 10.0.40219.1
Project("{FAE04EC0-301F-11D3-BF4B-00C04F79EFBC}") = "AMS_API", "AMS_API\AMS_API.csproj", "{6EF0609E-B280-479C-9E34-7BE23BE26733}"
EndProject
Project("{FAE04EC0-301F-11D3-BF4B-00C04F79EFBC}") = "Persistence_Layer", "Persistence_Layer\Persistence_Layer.csproj", "{ADDBDC8C-D6B6-4F46-9D5D-F69F493F601E}"
EndProject
Project("{FAE04EC0-301F-11D3-BF4B-00C04F79EFBC}") = "Service_Layer", "Service_Layer\Service_Layer.csproj", "{11570895-750D-4632-AE90-8183BED4F9A9}"
EndProject
Global
	GlobalSection(SolutionConfigurationPlatforms) = preSolution
		Debug|Any CPU = Debug|Any CPU
		Release|Any CPU = Release|Any CPU
	EndGlobalSection
	GlobalSection(ProjectConfigurationPlatforms) = postSolution
		{6EF0609E-B280-479C-9E34-7BE23BE26733}.Debug|Any CPU.ActiveCfg = Debug|Any CPU
		{6EF0609E-B280-479C-9E34-7BE23BE26733}.Debug|Any CPU.Build.0 = Debug|Any CPU
		{6EF0609E-B280-479C-9E34-7BE23BE26733}.Release|Any CPU.ActiveCfg = Release|Any CPU
		{6EF0609E-B280-479C-9E34-7BE23BE26733}.Release|Any CPU.Build.0 = Release|Any CPU
		{ADDBDC8C-D6B6-4F46-9D5D-F69F493F601E}.Debug|Any CPU.ActiveCfg = Debug|Any CPU
		{ADDBDC8C-D6B6-4F46-9D5D-F69F493F601E}.Debug|Any CPU.Build.0 = Debug|Any CPU
		{ADDBDC8C-D6B6-4F46-9D5D-F69F493F601E}.Release|Any CPU.ActiveCfg = Release|Any CPU
		{ADDBDC8C-D6B6-4F46-9D5D-F69F493F601E}.Release|Any CPU.Build.0 = Release|Any CPU
		{11570895-750D-4632-AE90-8183BED4F9A9}.Debug|Any CPU.ActiveCfg = Debug|Any CPU
		{11570895-750D-4632-AE90-8183BED4F9A9}.Debug|Any CPU.Build.0 = Debug|Any CPU
		{11570895-750D-4632-AE90-8183BED4F9A9}.Release|Any CPU.ActiveCfg = Release|Any CPU
		{11570895-750D-4632-AE90-8183BED4F9A9}.Release|Any CPU.Build.0 = Release|Any CPU
	EndGlobalSection
	GlobalSection(SolutionProperties) = preSolution
		HideSolutionNode = FALSE
	EndGlobalSection
	GlobalSection(ExtensibilityGlobals) = postSolution
		SolutionGuid = {5BBB2CEB-7CB3-442C-BEC2-0F5601433D1D}
	EndGlobalSection
EndGlobal
